
Microsoft Visual Studio Solution File, Format Version 12.00
# Visual Studio Version 16
VisualStudioVersion = 16.0.31515.178
MinimumVisualStudioVersion = 10.0.40219.1
Project("{9A19103F-16F7-4668-BE54-9A1E7A4F7556}") = "01-Uvod_00-Opakovani-syntaxe", "01-Hello-world\01-Uvod_00-Opakovani-syntaxe.csproj", "{F9B5EAC6-D79C-4041-978B-8BCEDA28A9E9}"
EndProject
Project("{2150E333-8FDC-42A3-9474-1A3956D46DE8}") = "01-Uvod", "01-Uvod", "{12D3E4E1-282D-4CB1-A2D9-2AEA30F842CD}"
EndProject
Project("{9A19103F-16F7-4668-BE54-9A1E7A4F7556}") = "01-Uvod_01-Prohozeni-promennych", "01-Uvod_01-Prohozeni-promennych\01-Uvod_01-Prohozeni-promennych.csproj", "{05C24ADA-32FE-4672-B1B6-B2032D1A117B}"
EndProject
Project("{9A19103F-16F7-4668-BE54-9A1E7A4F7556}") = "01-Uvod-02-TryParse", "01-Uvod-02-TryParse\01-Uvod-02-TryParse.csproj", "{FCE6935C-8B1A-4EC4-A045-D35854E683C4}"
EndProject
Project("{9A19103F-16F7-4668-BE54-9A1E7A4F7556}") = "01-Uvod-test-reseni", "01-Uvod-test-reseni\01-Uvod-test-reseni.csproj", "{C044B1FF-AE1A-4531-AEAE-5D1E18BF6E98}"
EndProject
Project("{9A19103F-16F7-4668-BE54-9A1E7A4F7556}") = "02-OOP-apod-01-Enum", "02-OOP-apod-Enum\02-OOP-apod-01-Enum.csproj", "{CEF6047D-FF90-43FC-9CBF-124C845E077F}"
EndProject
Project("{FAE04EC0-301F-11D3-BF4B-00C04F79EFBC}") = "02-OOP-02-Kruznice-get-set", "02-OOP-02-Kruznice-get-set\02-OOP-02-Kruznice-get-set.csproj", "{03EC3384-FEAC-4ECE-9284-334BC36F5F3C}"
EndProject
Project("{2150E333-8FDC-42A3-9474-1A3956D46DE8}") = "02-OOP-apod", "02-OOP-apod", "{E27E2F60-EE34-48CB-821A-F24AB1C488B8}"
EndProject
Project("{FAE04EC0-301F-11D3-BF4B-00C04F79EFBC}") = "02-OOP-03-Exceptions", "02-OOP-03-Exceptions\02-OOP-03-Exceptions.csproj", "{0191015E-FFA6-4A84-8529-1B3AA0314773}"
EndProject
Global
	GlobalSection(SolutionConfigurationPlatforms) = preSolution
		Debug|Any CPU = Debug|Any CPU
		Release|Any CPU = Release|Any CPU
	EndGlobalSection
	GlobalSection(ProjectConfigurationPlatforms) = postSolution
		{F9B5EAC6-D79C-4041-978B-8BCEDA28A9E9}.Debug|Any CPU.ActiveCfg = Debug|Any CPU
		{F9B5EAC6-D79C-4041-978B-8BCEDA28A9E9}.Debug|Any CPU.Build.0 = Debug|Any CPU
		{F9B5EAC6-D79C-4041-978B-8BCEDA28A9E9}.Release|Any CPU.ActiveCfg = Release|Any CPU
		{F9B5EAC6-D79C-4041-978B-8BCEDA28A9E9}.Release|Any CPU.Build.0 = Release|Any CPU
		{05C24ADA-32FE-4672-B1B6-B2032D1A117B}.Debug|Any CPU.ActiveCfg = Debug|Any CPU
		{05C24ADA-32FE-4672-B1B6-B2032D1A117B}.Debug|Any CPU.Build.0 = Debug|Any CPU
		{05C24ADA-32FE-4672-B1B6-B2032D1A117B}.Release|Any CPU.ActiveCfg = Release|Any CPU
		{05C24ADA-32FE-4672-B1B6-B2032D1A117B}.Release|Any CPU.Build.0 = Release|Any CPU
		{FCE6935C-8B1A-4EC4-A045-D35854E683C4}.Debug|Any CPU.ActiveCfg = Debug|Any CPU
		{FCE6935C-8B1A-4EC4-A045-D35854E683C4}.Debug|Any CPU.Build.0 = Debug|Any CPU
		{FCE6935C-8B1A-4EC4-A045-D35854E683C4}.Release|Any CPU.ActiveCfg = Release|Any CPU
		{FCE6935C-8B1A-4EC4-A045-D35854E683C4}.Release|Any CPU.Build.0 = Release|Any CPU
		{C044B1FF-AE1A-4531-AEAE-5D1E18BF6E98}.Debug|Any CPU.ActiveCfg = Debug|Any CPU
		{C044B1FF-AE1A-4531-AEAE-5D1E18BF6E98}.Debug|Any CPU.Build.0 = Debug|Any CPU
		{C044B1FF-AE1A-4531-AEAE-5D1E18BF6E98}.Release|Any CPU.ActiveCfg = Release|Any CPU
		{C044B1FF-AE1A-4531-AEAE-5D1E18BF6E98}.Release|Any CPU.Build.0 = Release|Any CPU
		{CEF6047D-FF90-43FC-9CBF-124C845E077F}.Debug|Any CPU.ActiveCfg = Debug|Any CPU
		{CEF6047D-FF90-43FC-9CBF-124C845E077F}.Debug|Any CPU.Build.0 = Debug|Any CPU
		{CEF6047D-FF90-43FC-9CBF-124C845E077F}.Release|Any CPU.ActiveCfg = Release|Any CPU
		{CEF6047D-FF90-43FC-9CBF-124C845E077F}.Release|Any CPU.Build.0 = Release|Any CPU
		{03EC3384-FEAC-4ECE-9284-334BC36F5F3C}.Debug|Any CPU.ActiveCfg = Debug|Any CPU
		{03EC3384-FEAC-4ECE-9284-334BC36F5F3C}.Debug|Any CPU.Build.0 = Debug|Any CPU
		{03EC3384-FEAC-4ECE-9284-334BC36F5F3C}.Release|Any CPU.ActiveCfg = Release|Any CPU
		{03EC3384-FEAC-4ECE-9284-334BC36F5F3C}.Release|Any CPU.Build.0 = Release|Any CPU
		{0191015E-FFA6-4A84-8529-1B3AA0314773}.Debug|Any CPU.ActiveCfg = Debug|Any CPU
		{0191015E-FFA6-4A84-8529-1B3AA0314773}.Debug|Any CPU.Build.0 = Debug|Any CPU
		{0191015E-FFA6-4A84-8529-1B3AA0314773}.Release|Any CPU.ActiveCfg = Release|Any CPU
		{0191015E-FFA6-4A84-8529-1B3AA0314773}.Release|Any CPU.Build.0 = Release|Any CPU
	EndGlobalSection
	GlobalSection(SolutionProperties) = preSolution
		HideSolutionNode = FALSE
	EndGlobalSection
	GlobalSection(NestedProjects) = preSolution
		{F9B5EAC6-D79C-4041-978B-8BCEDA28A9E9} = {12D3E4E1-282D-4CB1-A2D9-2AEA30F842CD}
		{05C24ADA-32FE-4672-B1B6-B2032D1A117B} = {12D3E4E1-282D-4CB1-A2D9-2AEA30F842CD}
		{FCE6935C-8B1A-4EC4-A045-D35854E683C4} = {12D3E4E1-282D-4CB1-A2D9-2AEA30F842CD}
		{C044B1FF-AE1A-4531-AEAE-5D1E18BF6E98} = {12D3E4E1-282D-4CB1-A2D9-2AEA30F842CD}
		{CEF6047D-FF90-43FC-9CBF-124C845E077F} = {E27E2F60-EE34-48CB-821A-F24AB1C488B8}
		{03EC3384-FEAC-4ECE-9284-334BC36F5F3C} = {E27E2F60-EE34-48CB-821A-F24AB1C488B8}
		{0191015E-FFA6-4A84-8529-1B3AA0314773} = {E27E2F60-EE34-48CB-821A-F24AB1C488B8}
	EndGlobalSection
	GlobalSection(ExtensibilityGlobals) = postSolution
		SolutionGuid = {D83AD21A-7ACE-462E-BA60-82C524BDA676}
	EndGlobalSection
EndGlobal
