
Microsoft Visual Studio Solution File, Format Version 12.00
# Visual Studio Version 16
VisualStudioVersion = 16.0.31515.178
MinimumVisualStudioVersion = 10.0.40219.1
Project("{9A19103F-16F7-4668-BE54-9A1E7A4F7556}") = "01-Uvod_00-Opakovani-syntaxe", "01-Hello-world\01-Uvod_00-Opakovani-syntaxe.csproj", "{F9B5EAC6-D79C-4041-978B-8BCEDA28A9E9}"
EndProject
Project("{2150E333-8FDC-42A3-9474-1A3956D46DE8}") = "01-Uvod", "01-Uvod", "{12D3E4E1-282D-4CB1-A2D9-2AEA30F842CD}"
EndProject
Project("{9A19103F-16F7-4668-BE54-9A1E7A4F7556}") = "01-Uvod_01-Prohozeni-promennych", "01-Uvod_01-Prohozeni-promennych\01-Uvod_01-Prohozeni-promennych.csproj", "{05C24ADA-32FE-4672-B1B6-B2032D1A117B}"
EndProject
Project("{9A19103F-16F7-4668-BE54-9A1E7A4F7556}") = "01-Uvod-02-TryParse", "01-Uvod-02-TryParse\01-Uvod-02-TryParse.csproj", "{FCE6935C-8B1A-4EC4-A045-D35854E683C4}"
EndProject
Project("{9A19103F-16F7-4668-BE54-9A1E7A4F7556}") = "01-Uvod-test-reseni", "01-Uvod-test-reseni\01-Uvod-test-reseni.csproj", "{C044B1FF-AE1A-4531-AEAE-5D1E18BF6E98}"
EndProject
Project("{9A19103F-16F7-4668-BE54-9A1E7A4F7556}") = "02-OOP-apod-01-Enum", "02-OOP-apod-Enum\02-OOP-apod-01-Enum.csproj", "{CEF6047D-FF90-43FC-9CBF-124C845E077F}"
EndProject
Project("{9A19103F-16F7-4668-BE54-9A1E7A4F7556}") = "02-OOP-02-Kruznice-get-set", "02-OOP-02-Kruznice-get-set\02-OOP-02-Kruznice-get-set.csproj", "{03EC3384-FEAC-4ECE-9284-334BC36F5F3C}"
EndProject
Project("{2150E333-8FDC-42A3-9474-1A3956D46DE8}") = "02-OOP-apod", "02-OOP-apod", "{E27E2F60-EE34-48CB-821A-F24AB1C488B8}"
EndProject
Project("{9A19103F-16F7-4668-BE54-9A1E7A4F7556}") = "02-OOP-03-Exceptions", "02-OOP-03-Exceptions\02-OOP-03-Exceptions.csproj", "{0191015E-FFA6-4A84-8529-1B3AA0314773}"
EndProject
Project("{9A19103F-16F7-4668-BE54-9A1E7A4F7556}") = "02-OOP-03-Kruznice-konstruktor", "02-OOP-03-Kruznice-konstruktor\02-OOP-03-Kruznice-konstruktor.csproj", "{CE5FD53B-77B9-43F1-B705-777E970B8CE4}"
EndProject
Project("{2150E333-8FDC-42A3-9474-1A3956D46DE8}") = "Reseni-replit", "Reseni-replit", "{4C45FA18-BE15-4D4D-843C-93E10320661C}"
EndProject
Project("{9A19103F-16F7-4668-BE54-9A1E7A4F7556}") = "02a-OOP_reseni-010-Obdelnik-I", "02a-OOP_reseni-010-Obdelnik-I\02a-OOP_reseni-010-Obdelnik-I.csproj", "{8172E08F-AEFA-4EEA-B44C-B6EC8F5CEE9D}"
EndProject
Project("{9A19103F-16F7-4668-BE54-9A1E7A4F7556}") = "02a-OOP_reseni-020-Pes", "02a-OOP_reseni-020-Pes\02a-OOP_reseni-020-Pes.csproj", "{8D8C4AC5-3C78-45B6-9161-67A812F3820E}"
EndProject
Project("{9A19103F-16F7-4668-BE54-9A1E7A4F7556}") = "02a-OOP_reseni-030-CD-Disky", "02a-OOP_reseni-030-CD-Disky\02a-OOP_reseni-030-CD-Disky.csproj", "{4B347563-02C3-4ACF-8088-BB4A990E6E7D}"
EndProject
Project("{9A19103F-16F7-4668-BE54-9A1E7A4F7556}") = "02a-OOP_reseni-040-Nakupni-seznam", "02a-OOP_reseni-040-Nakupni-seznam\02a-OOP_reseni-040-Nakupni-seznam.csproj", "{442547F5-C79C-452A-B435-DB0F9CF6598E}"
EndProject
Project("{9A19103F-16F7-4668-BE54-9A1E7A4F7556}") = "02a-OOP_reseni-050-Prebirani-pole", "02a-OOP_reseni-050-Prebirani-pole\02a-OOP_reseni-050-Prebirani-pole.csproj", "{8FE825C0-7F5C-4075-844B-BA87558B5AAB}"
EndProject
Project("{9A19103F-16F7-4668-BE54-9A1E7A4F7556}") = "02a-OOP_reseni-060-Pes-II", "02a-OOP_reseni-060-Pes-II\02a-OOP_reseni-060-Pes-II.csproj", "{298D6B18-0117-4EC9-A586-08155D815AAC}"
EndProject
Project("{9A19103F-16F7-4668-BE54-9A1E7A4F7556}") = "02a-OOP_reseni-070-Tabulka-cokolady", "02a-OOP_reseni-070-Tabulka-cokolady\02a-OOP_reseni-070-Tabulka-cokolady.csproj", "{061B4619-5547-4A8E-A58E-5D8A51E6A789}"
EndProject
Project("{9A19103F-16F7-4668-BE54-9A1E7A4F7556}") = "02a-OOP_reseni-080-Obdelnik-II", "02a-OOP_reseni-080-Obdelnik-II\02a-OOP_reseni-080-Obdelnik-II.csproj", "{DBD0BF7F-8BAB-48A5-8B16-8003F92578CE}"
EndProject
Project("{9A19103F-16F7-4668-BE54-9A1E7A4F7556}") = "02-OOP-05-Kruznice-Vlastnosti", "02-OOP-05-Kruznice-Vlastnosti\02-OOP-05-Kruznice-Vlastnosti.csproj", "{4A3035DD-E64B-411A-BDFE-6CEFC9376EC8}"
EndProject
Project("{9A19103F-16F7-4668-BE54-9A1E7A4F7556}") = "02-OOP-06-Ucet", "02-OOP-06-Ucet\02-OOP-06-Ucet.csproj", "{BB4EE63B-511C-43C7-BD6E-3AE7EC9D0461}"
EndProject
Project("{9A19103F-16F7-4668-BE54-9A1E7A4F7556}") = "02-OOP-07-Geometrie", "02-OOP-07-Geometrie\02-OOP-07-Geometrie.csproj", "{B25AB523-B48B-4707-AB57-F05704B5F800}"
EndProject
Project("{2150E333-8FDC-42A3-9474-1A3956D46DE8}") = "03-WPF-basics", "03-WPF-basics", "{FF11CF30-F65C-4EF9-8C20-0AE7AC4F8BA9}"
EndProject
Project("{9A19103F-16F7-4668-BE54-9A1E7A4F7556}") = "03-WPF-01-Hello-world", "03-WPF-01-Hello-world\03-WPF-01-Hello-world.csproj", "{C9BBB172-AB72-49A8-83C7-9DA786FF51FB}"
EndProject
Project("{9A19103F-16F7-4668-BE54-9A1E7A4F7556}") = "03-WPF-02-Move-text", "03-WPF-02-Move-text\03-WPF-02-Move-text.csproj", "{2EFFFA0D-6835-4D23-B344-F1010F895809}"
EndProject
Project("{9A19103F-16F7-4668-BE54-9A1E7A4F7556}") = "02a-OOP_reseni-090-Obdelnik-III", "02a-OOP_reseni-090-Obdelnik-III\02a-OOP_reseni-090-Obdelnik-III.csproj", "{B280CB36-6605-47CD-81C2-305B93625C3E}"
EndProject
Project("{9A19103F-16F7-4668-BE54-9A1E7A4F7556}") = "02a-OOP_reseni-100-Pes-III", "02a-OOP_reseni-100-Pes-III\02a-OOP_reseni-100-Pes-III.csproj", "{D8513221-F266-4B44-B552-8E372537D3EB}"
EndProject
Project("{9A19103F-16F7-4668-BE54-9A1E7A4F7556}") = "02a-OOP_reseni-110-Tabulka-cokolady-II", "02a-OOP_reseni-110-Tabulka-cokolady-III\02a-OOP_reseni-110-Tabulka-cokolady-II.csproj", "{FA842F1E-1939-43FE-9EB6-03684FF1E8C7}"
EndProject
Project("{9A19103F-16F7-4668-BE54-9A1E7A4F7556}") = "02a-OOP_reseni-120-Kbeliky", "02a-OOP_reseni-120-Kbeliky\02a-OOP_reseni-120-Kbeliky.csproj", "{DAD15750-5210-4E0A-AE45-C77F1B7BD588}"
EndProject
Project("{9A19103F-16F7-4668-BE54-9A1E7A4F7556}") = "03-WPF-03-MessageBox", "03-WPF-03-MessageBox\03-WPF-03-MessageBox.csproj", "{03289115-1682-411F-BF17-DE14CB5799F7}"
EndProject
Project("{9A19103F-16F7-4668-BE54-9A1E7A4F7556}") = "03-WPF-04-O-deset-vic", "03-WPF-04-O-deset-vic\03-WPF-04-O-deset-vic.csproj", "{6D0EB6D9-50E1-4AC1-B816-36999E375B63}"
EndProject
Project("{9A19103F-16F7-4668-BE54-9A1E7A4F7556}") = "03-WPF-05-CheckBox", "03-WPF-05-CheckBox\03-WPF-05-CheckBox.csproj", "{E62A7DC5-7D85-484E-8820-2FCB9E5502AD}"
EndProject
Project("{9A19103F-16F7-4668-BE54-9A1E7A4F7556}") = "03-WPF-06-Omalovanky", "03-WPF-06-Omalovanky\03-WPF-06-Omalovanky.csproj", "{A8C7CF6C-B322-42CD-9E18-F88926F26EC3}"
EndProject
Project("{9A19103F-16F7-4668-BE54-9A1E7A4F7556}") = "03-WPF-07-Sentence-swap", "03-WPF-07-Sentence-swap\03-WPF-07-Sentence-swap.csproj", "{9A52A778-A5F9-4DCF-B286-54AE03A2E7D2}"
EndProject
Project("{9A19103F-16F7-4668-BE54-9A1E7A4F7556}") = "03-WPF-08-Scitacka-II", "03-WPF-08-Scitacka-II\03-WPF-08-Scitacka-II.csproj", "{E0691B19-2203-4281-A41E-3A4A3D4102E5}"
EndProject
Project("{9A19103F-16F7-4668-BE54-9A1E7A4F7556}") = "03-WPF-09-Fotoprohlizec", "03-WPF-09-Fotoprohlizec\03-WPF-09-Fotoprohlizec.csproj", "{CAAA933B-3184-4CD3-8CB6-FDF042549B5A}"
EndProject
Project("{9A19103F-16F7-4668-BE54-9A1E7A4F7556}") = "03-WPF-10-Radio-a-disabled", "03-WPF-10-Radio-a-disabled\03-WPF-10-Radio-a-disabled.csproj", "{B8E10750-2DE8-438F-9CCD-F20E788C8CE2}"
EndProject
Project("{FAE04EC0-301F-11D3-BF4B-00C04F79EFBC}") = "03-WPF-11-Calculator", "03-WPF-11-Calculator\03-WPF-11-Calculator.csproj", "{1BE7102A-F398-4726-8618-29BA67B9031D}"
EndProject
Global
	GlobalSection(SolutionConfigurationPlatforms) = preSolution
		Debug|Any CPU = Debug|Any CPU
		Release|Any CPU = Release|Any CPU
	EndGlobalSection
	GlobalSection(ProjectConfigurationPlatforms) = postSolution
		{F9B5EAC6-D79C-4041-978B-8BCEDA28A9E9}.Debug|Any CPU.ActiveCfg = Debug|Any CPU
		{F9B5EAC6-D79C-4041-978B-8BCEDA28A9E9}.Debug|Any CPU.Build.0 = Debug|Any CPU
		{F9B5EAC6-D79C-4041-978B-8BCEDA28A9E9}.Release|Any CPU.ActiveCfg = Release|Any CPU
		{F9B5EAC6-D79C-4041-978B-8BCEDA28A9E9}.Release|Any CPU.Build.0 = Release|Any CPU
		{05C24ADA-32FE-4672-B1B6-B2032D1A117B}.Debug|Any CPU.ActiveCfg = Debug|Any CPU
		{05C24ADA-32FE-4672-B1B6-B2032D1A117B}.Debug|Any CPU.Build.0 = Debug|Any CPU
		{05C24ADA-32FE-4672-B1B6-B2032D1A117B}.Release|Any CPU.ActiveCfg = Release|Any CPU
		{05C24ADA-32FE-4672-B1B6-B2032D1A117B}.Release|Any CPU.Build.0 = Release|Any CPU
		{FCE6935C-8B1A-4EC4-A045-D35854E683C4}.Debug|Any CPU.ActiveCfg = Debug|Any CPU
		{FCE6935C-8B1A-4EC4-A045-D35854E683C4}.Debug|Any CPU.Build.0 = Debug|Any CPU
		{FCE6935C-8B1A-4EC4-A045-D35854E683C4}.Release|Any CPU.ActiveCfg = Release|Any CPU
		{FCE6935C-8B1A-4EC4-A045-D35854E683C4}.Release|Any CPU.Build.0 = Release|Any CPU
		{C044B1FF-AE1A-4531-AEAE-5D1E18BF6E98}.Debug|Any CPU.ActiveCfg = Debug|Any CPU
		{C044B1FF-AE1A-4531-AEAE-5D1E18BF6E98}.Debug|Any CPU.Build.0 = Debug|Any CPU
		{C044B1FF-AE1A-4531-AEAE-5D1E18BF6E98}.Release|Any CPU.ActiveCfg = Release|Any CPU
		{C044B1FF-AE1A-4531-AEAE-5D1E18BF6E98}.Release|Any CPU.Build.0 = Release|Any CPU
		{CEF6047D-FF90-43FC-9CBF-124C845E077F}.Debug|Any CPU.ActiveCfg = Debug|Any CPU
		{CEF6047D-FF90-43FC-9CBF-124C845E077F}.Debug|Any CPU.Build.0 = Debug|Any CPU
		{CEF6047D-FF90-43FC-9CBF-124C845E077F}.Release|Any CPU.ActiveCfg = Release|Any CPU
		{CEF6047D-FF90-43FC-9CBF-124C845E077F}.Release|Any CPU.Build.0 = Release|Any CPU
		{03EC3384-FEAC-4ECE-9284-334BC36F5F3C}.Debug|Any CPU.ActiveCfg = Debug|Any CPU
		{03EC3384-FEAC-4ECE-9284-334BC36F5F3C}.Debug|Any CPU.Build.0 = Debug|Any CPU
		{03EC3384-FEAC-4ECE-9284-334BC36F5F3C}.Release|Any CPU.ActiveCfg = Release|Any CPU
		{03EC3384-FEAC-4ECE-9284-334BC36F5F3C}.Release|Any CPU.Build.0 = Release|Any CPU
		{0191015E-FFA6-4A84-8529-1B3AA0314773}.Debug|Any CPU.ActiveCfg = Debug|Any CPU
		{0191015E-FFA6-4A84-8529-1B3AA0314773}.Debug|Any CPU.Build.0 = Debug|Any CPU
		{0191015E-FFA6-4A84-8529-1B3AA0314773}.Release|Any CPU.ActiveCfg = Release|Any CPU
		{0191015E-FFA6-4A84-8529-1B3AA0314773}.Release|Any CPU.Build.0 = Release|Any CPU
		{CE5FD53B-77B9-43F1-B705-777E970B8CE4}.Debug|Any CPU.ActiveCfg = Debug|Any CPU
		{CE5FD53B-77B9-43F1-B705-777E970B8CE4}.Debug|Any CPU.Build.0 = Debug|Any CPU
		{CE5FD53B-77B9-43F1-B705-777E970B8CE4}.Release|Any CPU.ActiveCfg = Release|Any CPU
		{CE5FD53B-77B9-43F1-B705-777E970B8CE4}.Release|Any CPU.Build.0 = Release|Any CPU
		{8172E08F-AEFA-4EEA-B44C-B6EC8F5CEE9D}.Debug|Any CPU.ActiveCfg = Debug|Any CPU
		{8172E08F-AEFA-4EEA-B44C-B6EC8F5CEE9D}.Debug|Any CPU.Build.0 = Debug|Any CPU
		{8172E08F-AEFA-4EEA-B44C-B6EC8F5CEE9D}.Release|Any CPU.ActiveCfg = Release|Any CPU
		{8172E08F-AEFA-4EEA-B44C-B6EC8F5CEE9D}.Release|Any CPU.Build.0 = Release|Any CPU
		{8D8C4AC5-3C78-45B6-9161-67A812F3820E}.Debug|Any CPU.ActiveCfg = Debug|Any CPU
		{8D8C4AC5-3C78-45B6-9161-67A812F3820E}.Debug|Any CPU.Build.0 = Debug|Any CPU
		{8D8C4AC5-3C78-45B6-9161-67A812F3820E}.Release|Any CPU.ActiveCfg = Release|Any CPU
		{8D8C4AC5-3C78-45B6-9161-67A812F3820E}.Release|Any CPU.Build.0 = Release|Any CPU
		{4B347563-02C3-4ACF-8088-BB4A990E6E7D}.Debug|Any CPU.ActiveCfg = Debug|Any CPU
		{4B347563-02C3-4ACF-8088-BB4A990E6E7D}.Debug|Any CPU.Build.0 = Debug|Any CPU
		{4B347563-02C3-4ACF-8088-BB4A990E6E7D}.Release|Any CPU.ActiveCfg = Release|Any CPU
		{4B347563-02C3-4ACF-8088-BB4A990E6E7D}.Release|Any CPU.Build.0 = Release|Any CPU
		{442547F5-C79C-452A-B435-DB0F9CF6598E}.Debug|Any CPU.ActiveCfg = Debug|Any CPU
		{442547F5-C79C-452A-B435-DB0F9CF6598E}.Debug|Any CPU.Build.0 = Debug|Any CPU
		{442547F5-C79C-452A-B435-DB0F9CF6598E}.Release|Any CPU.ActiveCfg = Release|Any CPU
		{442547F5-C79C-452A-B435-DB0F9CF6598E}.Release|Any CPU.Build.0 = Release|Any CPU
		{8FE825C0-7F5C-4075-844B-BA87558B5AAB}.Debug|Any CPU.ActiveCfg = Debug|Any CPU
		{8FE825C0-7F5C-4075-844B-BA87558B5AAB}.Debug|Any CPU.Build.0 = Debug|Any CPU
		{8FE825C0-7F5C-4075-844B-BA87558B5AAB}.Release|Any CPU.ActiveCfg = Release|Any CPU
		{8FE825C0-7F5C-4075-844B-BA87558B5AAB}.Release|Any CPU.Build.0 = Release|Any CPU
		{298D6B18-0117-4EC9-A586-08155D815AAC}.Debug|Any CPU.ActiveCfg = Debug|Any CPU
		{298D6B18-0117-4EC9-A586-08155D815AAC}.Debug|Any CPU.Build.0 = Debug|Any CPU
		{298D6B18-0117-4EC9-A586-08155D815AAC}.Release|Any CPU.ActiveCfg = Release|Any CPU
		{298D6B18-0117-4EC9-A586-08155D815AAC}.Release|Any CPU.Build.0 = Release|Any CPU
		{061B4619-5547-4A8E-A58E-5D8A51E6A789}.Debug|Any CPU.ActiveCfg = Debug|Any CPU
		{061B4619-5547-4A8E-A58E-5D8A51E6A789}.Debug|Any CPU.Build.0 = Debug|Any CPU
		{061B4619-5547-4A8E-A58E-5D8A51E6A789}.Release|Any CPU.ActiveCfg = Release|Any CPU
		{061B4619-5547-4A8E-A58E-5D8A51E6A789}.Release|Any CPU.Build.0 = Release|Any CPU
		{DBD0BF7F-8BAB-48A5-8B16-8003F92578CE}.Debug|Any CPU.ActiveCfg = Debug|Any CPU
		{DBD0BF7F-8BAB-48A5-8B16-8003F92578CE}.Debug|Any CPU.Build.0 = Debug|Any CPU
		{DBD0BF7F-8BAB-48A5-8B16-8003F92578CE}.Release|Any CPU.ActiveCfg = Release|Any CPU
		{DBD0BF7F-8BAB-48A5-8B16-8003F92578CE}.Release|Any CPU.Build.0 = Release|Any CPU
		{4A3035DD-E64B-411A-BDFE-6CEFC9376EC8}.Debug|Any CPU.ActiveCfg = Debug|Any CPU
		{4A3035DD-E64B-411A-BDFE-6CEFC9376EC8}.Debug|Any CPU.Build.0 = Debug|Any CPU
		{4A3035DD-E64B-411A-BDFE-6CEFC9376EC8}.Release|Any CPU.ActiveCfg = Release|Any CPU
		{4A3035DD-E64B-411A-BDFE-6CEFC9376EC8}.Release|Any CPU.Build.0 = Release|Any CPU
		{BB4EE63B-511C-43C7-BD6E-3AE7EC9D0461}.Debug|Any CPU.ActiveCfg = Debug|Any CPU
		{BB4EE63B-511C-43C7-BD6E-3AE7EC9D0461}.Debug|Any CPU.Build.0 = Debug|Any CPU
		{BB4EE63B-511C-43C7-BD6E-3AE7EC9D0461}.Release|Any CPU.ActiveCfg = Release|Any CPU
		{BB4EE63B-511C-43C7-BD6E-3AE7EC9D0461}.Release|Any CPU.Build.0 = Release|Any CPU
		{B25AB523-B48B-4707-AB57-F05704B5F800}.Debug|Any CPU.ActiveCfg = Debug|Any CPU
		{B25AB523-B48B-4707-AB57-F05704B5F800}.Debug|Any CPU.Build.0 = Debug|Any CPU
		{B25AB523-B48B-4707-AB57-F05704B5F800}.Release|Any CPU.ActiveCfg = Release|Any CPU
		{B25AB523-B48B-4707-AB57-F05704B5F800}.Release|Any CPU.Build.0 = Release|Any CPU
		{C9BBB172-AB72-49A8-83C7-9DA786FF51FB}.Debug|Any CPU.ActiveCfg = Debug|Any CPU
		{C9BBB172-AB72-49A8-83C7-9DA786FF51FB}.Debug|Any CPU.Build.0 = Debug|Any CPU
		{C9BBB172-AB72-49A8-83C7-9DA786FF51FB}.Release|Any CPU.ActiveCfg = Release|Any CPU
		{C9BBB172-AB72-49A8-83C7-9DA786FF51FB}.Release|Any CPU.Build.0 = Release|Any CPU
		{2EFFFA0D-6835-4D23-B344-F1010F895809}.Debug|Any CPU.ActiveCfg = Debug|Any CPU
		{2EFFFA0D-6835-4D23-B344-F1010F895809}.Debug|Any CPU.Build.0 = Debug|Any CPU
		{2EFFFA0D-6835-4D23-B344-F1010F895809}.Release|Any CPU.ActiveCfg = Release|Any CPU
		{2EFFFA0D-6835-4D23-B344-F1010F895809}.Release|Any CPU.Build.0 = Release|Any CPU
		{B280CB36-6605-47CD-81C2-305B93625C3E}.Debug|Any CPU.ActiveCfg = Debug|Any CPU
		{B280CB36-6605-47CD-81C2-305B93625C3E}.Debug|Any CPU.Build.0 = Debug|Any CPU
		{B280CB36-6605-47CD-81C2-305B93625C3E}.Release|Any CPU.ActiveCfg = Release|Any CPU
		{B280CB36-6605-47CD-81C2-305B93625C3E}.Release|Any CPU.Build.0 = Release|Any CPU
		{D8513221-F266-4B44-B552-8E372537D3EB}.Debug|Any CPU.ActiveCfg = Debug|Any CPU
		{D8513221-F266-4B44-B552-8E372537D3EB}.Debug|Any CPU.Build.0 = Debug|Any CPU
		{D8513221-F266-4B44-B552-8E372537D3EB}.Release|Any CPU.ActiveCfg = Release|Any CPU
		{D8513221-F266-4B44-B552-8E372537D3EB}.Release|Any CPU.Build.0 = Release|Any CPU
		{FA842F1E-1939-43FE-9EB6-03684FF1E8C7}.Debug|Any CPU.ActiveCfg = Debug|Any CPU
		{FA842F1E-1939-43FE-9EB6-03684FF1E8C7}.Debug|Any CPU.Build.0 = Debug|Any CPU
		{FA842F1E-1939-43FE-9EB6-03684FF1E8C7}.Release|Any CPU.ActiveCfg = Release|Any CPU
		{FA842F1E-1939-43FE-9EB6-03684FF1E8C7}.Release|Any CPU.Build.0 = Release|Any CPU
		{DAD15750-5210-4E0A-AE45-C77F1B7BD588}.Debug|Any CPU.ActiveCfg = Debug|Any CPU
		{DAD15750-5210-4E0A-AE45-C77F1B7BD588}.Debug|Any CPU.Build.0 = Debug|Any CPU
		{DAD15750-5210-4E0A-AE45-C77F1B7BD588}.Release|Any CPU.ActiveCfg = Release|Any CPU
		{DAD15750-5210-4E0A-AE45-C77F1B7BD588}.Release|Any CPU.Build.0 = Release|Any CPU
		{03289115-1682-411F-BF17-DE14CB5799F7}.Debug|Any CPU.ActiveCfg = Debug|Any CPU
		{03289115-1682-411F-BF17-DE14CB5799F7}.Debug|Any CPU.Build.0 = Debug|Any CPU
		{03289115-1682-411F-BF17-DE14CB5799F7}.Release|Any CPU.ActiveCfg = Release|Any CPU
		{03289115-1682-411F-BF17-DE14CB5799F7}.Release|Any CPU.Build.0 = Release|Any CPU
		{6D0EB6D9-50E1-4AC1-B816-36999E375B63}.Debug|Any CPU.ActiveCfg = Debug|Any CPU
		{6D0EB6D9-50E1-4AC1-B816-36999E375B63}.Debug|Any CPU.Build.0 = Debug|Any CPU
		{6D0EB6D9-50E1-4AC1-B816-36999E375B63}.Release|Any CPU.ActiveCfg = Release|Any CPU
		{6D0EB6D9-50E1-4AC1-B816-36999E375B63}.Release|Any CPU.Build.0 = Release|Any CPU
		{E62A7DC5-7D85-484E-8820-2FCB9E5502AD}.Debug|Any CPU.ActiveCfg = Debug|Any CPU
		{E62A7DC5-7D85-484E-8820-2FCB9E5502AD}.Debug|Any CPU.Build.0 = Debug|Any CPU
		{E62A7DC5-7D85-484E-8820-2FCB9E5502AD}.Release|Any CPU.ActiveCfg = Release|Any CPU
		{E62A7DC5-7D85-484E-8820-2FCB9E5502AD}.Release|Any CPU.Build.0 = Release|Any CPU
		{A8C7CF6C-B322-42CD-9E18-F88926F26EC3}.Debug|Any CPU.ActiveCfg = Debug|Any CPU
		{A8C7CF6C-B322-42CD-9E18-F88926F26EC3}.Debug|Any CPU.Build.0 = Debug|Any CPU
		{A8C7CF6C-B322-42CD-9E18-F88926F26EC3}.Release|Any CPU.ActiveCfg = Release|Any CPU
		{A8C7CF6C-B322-42CD-9E18-F88926F26EC3}.Release|Any CPU.Build.0 = Release|Any CPU
		{9A52A778-A5F9-4DCF-B286-54AE03A2E7D2}.Debug|Any CPU.ActiveCfg = Debug|Any CPU
		{9A52A778-A5F9-4DCF-B286-54AE03A2E7D2}.Debug|Any CPU.Build.0 = Debug|Any CPU
		{9A52A778-A5F9-4DCF-B286-54AE03A2E7D2}.Release|Any CPU.ActiveCfg = Release|Any CPU
		{9A52A778-A5F9-4DCF-B286-54AE03A2E7D2}.Release|Any CPU.Build.0 = Release|Any CPU
		{E0691B19-2203-4281-A41E-3A4A3D4102E5}.Debug|Any CPU.ActiveCfg = Debug|Any CPU
		{E0691B19-2203-4281-A41E-3A4A3D4102E5}.Debug|Any CPU.Build.0 = Debug|Any CPU
		{E0691B19-2203-4281-A41E-3A4A3D4102E5}.Release|Any CPU.ActiveCfg = Release|Any CPU
		{E0691B19-2203-4281-A41E-3A4A3D4102E5}.Release|Any CPU.Build.0 = Release|Any CPU
		{CAAA933B-3184-4CD3-8CB6-FDF042549B5A}.Debug|Any CPU.ActiveCfg = Debug|Any CPU
		{CAAA933B-3184-4CD3-8CB6-FDF042549B5A}.Debug|Any CPU.Build.0 = Debug|Any CPU
		{CAAA933B-3184-4CD3-8CB6-FDF042549B5A}.Release|Any CPU.ActiveCfg = Release|Any CPU
		{CAAA933B-3184-4CD3-8CB6-FDF042549B5A}.Release|Any CPU.Build.0 = Release|Any CPU
		{B8E10750-2DE8-438F-9CCD-F20E788C8CE2}.Debug|Any CPU.ActiveCfg = Debug|Any CPU
		{B8E10750-2DE8-438F-9CCD-F20E788C8CE2}.Debug|Any CPU.Build.0 = Debug|Any CPU
		{B8E10750-2DE8-438F-9CCD-F20E788C8CE2}.Release|Any CPU.ActiveCfg = Release|Any CPU
		{B8E10750-2DE8-438F-9CCD-F20E788C8CE2}.Release|Any CPU.Build.0 = Release|Any CPU
		{1BE7102A-F398-4726-8618-29BA67B9031D}.Debug|Any CPU.ActiveCfg = Debug|Any CPU
		{1BE7102A-F398-4726-8618-29BA67B9031D}.Debug|Any CPU.Build.0 = Debug|Any CPU
		{1BE7102A-F398-4726-8618-29BA67B9031D}.Release|Any CPU.ActiveCfg = Release|Any CPU
		{1BE7102A-F398-4726-8618-29BA67B9031D}.Release|Any CPU.Build.0 = Release|Any CPU
	EndGlobalSection
	GlobalSection(SolutionProperties) = preSolution
		HideSolutionNode = FALSE
	EndGlobalSection
	GlobalSection(NestedProjects) = preSolution
		{F9B5EAC6-D79C-4041-978B-8BCEDA28A9E9} = {12D3E4E1-282D-4CB1-A2D9-2AEA30F842CD}
		{05C24ADA-32FE-4672-B1B6-B2032D1A117B} = {12D3E4E1-282D-4CB1-A2D9-2AEA30F842CD}
		{FCE6935C-8B1A-4EC4-A045-D35854E683C4} = {12D3E4E1-282D-4CB1-A2D9-2AEA30F842CD}
		{C044B1FF-AE1A-4531-AEAE-5D1E18BF6E98} = {12D3E4E1-282D-4CB1-A2D9-2AEA30F842CD}
		{CEF6047D-FF90-43FC-9CBF-124C845E077F} = {E27E2F60-EE34-48CB-821A-F24AB1C488B8}
		{03EC3384-FEAC-4ECE-9284-334BC36F5F3C} = {E27E2F60-EE34-48CB-821A-F24AB1C488B8}
		{0191015E-FFA6-4A84-8529-1B3AA0314773} = {E27E2F60-EE34-48CB-821A-F24AB1C488B8}
		{CE5FD53B-77B9-43F1-B705-777E970B8CE4} = {E27E2F60-EE34-48CB-821A-F24AB1C488B8}
		{8172E08F-AEFA-4EEA-B44C-B6EC8F5CEE9D} = {4C45FA18-BE15-4D4D-843C-93E10320661C}
		{8D8C4AC5-3C78-45B6-9161-67A812F3820E} = {4C45FA18-BE15-4D4D-843C-93E10320661C}
		{4B347563-02C3-4ACF-8088-BB4A990E6E7D} = {4C45FA18-BE15-4D4D-843C-93E10320661C}
		{442547F5-C79C-452A-B435-DB0F9CF6598E} = {4C45FA18-BE15-4D4D-843C-93E10320661C}
		{8FE825C0-7F5C-4075-844B-BA87558B5AAB} = {4C45FA18-BE15-4D4D-843C-93E10320661C}
		{298D6B18-0117-4EC9-A586-08155D815AAC} = {4C45FA18-BE15-4D4D-843C-93E10320661C}
		{061B4619-5547-4A8E-A58E-5D8A51E6A789} = {4C45FA18-BE15-4D4D-843C-93E10320661C}
		{DBD0BF7F-8BAB-48A5-8B16-8003F92578CE} = {4C45FA18-BE15-4D4D-843C-93E10320661C}
		{4A3035DD-E64B-411A-BDFE-6CEFC9376EC8} = {E27E2F60-EE34-48CB-821A-F24AB1C488B8}
		{BB4EE63B-511C-43C7-BD6E-3AE7EC9D0461} = {E27E2F60-EE34-48CB-821A-F24AB1C488B8}
		{B25AB523-B48B-4707-AB57-F05704B5F800} = {E27E2F60-EE34-48CB-821A-F24AB1C488B8}
		{C9BBB172-AB72-49A8-83C7-9DA786FF51FB} = {FF11CF30-F65C-4EF9-8C20-0AE7AC4F8BA9}
		{2EFFFA0D-6835-4D23-B344-F1010F895809} = {FF11CF30-F65C-4EF9-8C20-0AE7AC4F8BA9}
		{B280CB36-6605-47CD-81C2-305B93625C3E} = {4C45FA18-BE15-4D4D-843C-93E10320661C}
		{D8513221-F266-4B44-B552-8E372537D3EB} = {4C45FA18-BE15-4D4D-843C-93E10320661C}
		{FA842F1E-1939-43FE-9EB6-03684FF1E8C7} = {4C45FA18-BE15-4D4D-843C-93E10320661C}
		{DAD15750-5210-4E0A-AE45-C77F1B7BD588} = {4C45FA18-BE15-4D4D-843C-93E10320661C}
		{03289115-1682-411F-BF17-DE14CB5799F7} = {FF11CF30-F65C-4EF9-8C20-0AE7AC4F8BA9}
		{6D0EB6D9-50E1-4AC1-B816-36999E375B63} = {FF11CF30-F65C-4EF9-8C20-0AE7AC4F8BA9}
		{E62A7DC5-7D85-484E-8820-2FCB9E5502AD} = {FF11CF30-F65C-4EF9-8C20-0AE7AC4F8BA9}
		{A8C7CF6C-B322-42CD-9E18-F88926F26EC3} = {FF11CF30-F65C-4EF9-8C20-0AE7AC4F8BA9}
		{9A52A778-A5F9-4DCF-B286-54AE03A2E7D2} = {FF11CF30-F65C-4EF9-8C20-0AE7AC4F8BA9}
		{E0691B19-2203-4281-A41E-3A4A3D4102E5} = {FF11CF30-F65C-4EF9-8C20-0AE7AC4F8BA9}
		{CAAA933B-3184-4CD3-8CB6-FDF042549B5A} = {FF11CF30-F65C-4EF9-8C20-0AE7AC4F8BA9}
		{B8E10750-2DE8-438F-9CCD-F20E788C8CE2} = {FF11CF30-F65C-4EF9-8C20-0AE7AC4F8BA9}
		{1BE7102A-F398-4726-8618-29BA67B9031D} = {FF11CF30-F65C-4EF9-8C20-0AE7AC4F8BA9}
	EndGlobalSection
	GlobalSection(ExtensibilityGlobals) = postSolution
		SolutionGuid = {D83AD21A-7ACE-462E-BA60-82C524BDA676}
	EndGlobalSection
EndGlobal
